// !$*UTF8*$!
{
	archiveVersion = 1;
	classes = {
	};
	objectVersion = 46;
	objects = {

/* Begin PBXBuildFile section */
		F5300D621CAD53AE00D39FE8 /* AppDelegate.swift in Sources */ = {isa = PBXBuildFile; fileRef = F5300D611CAD53AE00D39FE8 /* AppDelegate.swift */; };
		F5300D641CAD53AE00D39FE8 /* ViewController.swift in Sources */ = {isa = PBXBuildFile; fileRef = F5300D631CAD53AE00D39FE8 /* ViewController.swift */; };
		F5300D671CAD53AE00D39FE8 /* Main.storyboard in Resources */ = {isa = PBXBuildFile; fileRef = F5300D651CAD53AE00D39FE8 /* Main.storyboard */; };
		F5300D691CAD53AE00D39FE8 /* Assets.xcassets in Resources */ = {isa = PBXBuildFile; fileRef = F5300D681CAD53AE00D39FE8 /* Assets.xcassets */; };
		F5300D6C1CAD53AE00D39FE8 /* LaunchScreen.storyboard in Resources */ = {isa = PBXBuildFile; fileRef = F5300D6A1CAD53AE00D39FE8 /* LaunchScreen.storyboard */; };
/* End PBXBuildFile section */

/* Begin PBXFileReference section */
		F5300D5E1CAD53AE00D39FE8 /* Rhapsody in Blue.app */ = {isa = PBXFileReference; explicitFileType = wrapper.application; includeInIndex = 0; path = "Rhapsody in Blue.app"; sourceTree = BUILT_PRODUCTS_DIR; };
		F5300D611CAD53AE00D39FE8 /* AppDelegate.swift */ = {isa = PBXFileReference; lastKnownFileType = sourcecode.swift; path = AppDelegate.swift; sourceTree = "<group>"; };
		F5300D631CAD53AE00D39FE8 /* ViewController.swift */ = {isa = PBXFileReference; lastKnownFileType = sourcecode.swift; path = ViewController.swift; sourceTree = "<group>"; };
		F5300D661CAD53AE00D39FE8 /* Base */ = {isa = PBXFileReference; lastKnownFileType = file.storyboard; name = Base; path = Base.lproj/Main.storyboard; sourceTree = "<group>"; };
		F5300D681CAD53AE00D39FE8 /* Assets.xcassets */ = {isa = PBXFileReference; lastKnownFileType = folder.assetcatalog; path = Assets.xcassets; sourceTree = "<group>"; };
		F5300D6B1CAD53AE00D39FE8 /* Base */ = {isa = PBXFileReference; lastKnownFileType = file.storyboard; name = Base; path = Base.lproj/LaunchScreen.storyboard; sourceTree = "<group>"; };
		F5300D6D1CAD53AE00D39FE8 /* Info.plist */ = {isa = PBXFileReference; lastKnownFileType = text.plist.xml; path = Info.plist; sourceTree = "<group>"; };
/* End PBXFileReference section */

/* Begin PBXFrameworksBuildPhase section */
		F5300D5B1CAD53AE00D39FE8 /* Frameworks */ = {
			isa = PBXFrameworksBuildPhase;
			buildActionMask = 2147483647;
			files = (
			);
			runOnlyForDeploymentPostprocessing = 0;
		};
/* End PBXFrameworksBuildPhase section */

/* Begin PBXGroup section */
		F5300D551CAD53AE00D39FE8 = {
			isa = PBXGroup;
			children = (
				F5300D601CAD53AE00D39FE8 /* Rhapsody in Blue */,
				F5300D5F1CAD53AE00D39FE8 /* Products */,
			);
			sourceTree = "<group>";
		};
		F5300D5F1CAD53AE00D39FE8 /* Products */ = {
			isa = PBXGroup;
			children = (
				F5300D5E1CAD53AE00D39FE8 /* Rhapsody in Blue.app */,
			);
			name = Products;
			sourceTree = "<group>";
		};
		F5300D601CAD53AE00D39FE8 /* Rhapsody in Blue */ = {
			isa = PBXGroup;
			children = (
				F5300D611CAD53AE00D39FE8 /* AppDelegate.swift */,
				F5300D631CAD53AE00D39FE8 /* ViewController.swift */,
				F5300D651CAD53AE00D39FE8 /* Main.storyboard */,
				F5300D681CAD53AE00D39FE8 /* Assets.xcassets */,
				F5300D6A1CAD53AE00D39FE8 /* LaunchScreen.storyboard */,
				F5300D6D1CAD53AE00D39FE8 /* Info.plist */,
			);
			path = "Rhapsody in Blue";
			sourceTree = "<group>";
		};
/* End PBXGroup section */

/* Begin PBXNativeTarget section */
		F5300D5D1CAD53AE00D39FE8 /* Rhapsody in Blue */ = {
			isa = PBXNativeTarget;
			buildConfigurationList = F5300D701CAD53AE00D39FE8 /* Build configuration list for PBXNativeTarget "Rhapsody in Blue" */;
			buildPhases = (
				F5300D5A1CAD53AE00D39FE8 /* Sources */,
				F5300D5B1CAD53AE00D39FE8 /* Frameworks */,
				F5300D5C1CAD53AE00D39FE8 /* Resources */,
			);
			buildRules = (
			);
			dependencies = (
			);
			name = "Rhapsody in Blue";
			productName = "Rhapsody in Blue";
			productReference = F5300D5E1CAD53AE00D39FE8 /* Rhapsody in Blue.app */;
			productType = "com.apple.product-type.application";
		};
/* End PBXNativeTarget section */

/* Begin PBXProject section */
		F5300D561CAD53AE00D39FE8 /* Project object */ = {
			isa = PBXProject;
			attributes = {
				LastSwiftUpdateCheck = 0730;
				LastUpgradeCheck = 0730;
				ORGANIZATIONNAME = "619 Fitness";
				TargetAttributes = {
					F5300D5D1CAD53AE00D39FE8 = {
						CreatedOnToolsVersion = 7.3;
					};
				};
			};
			buildConfigurationList = F5300D591CAD53AE00D39FE8 /* Build configuration list for PBXProject "Rhapsody in Blue" */;
			compatibilityVersion = "Xcode 3.2";
			developmentRegion = English;
			hasScannedForEncodings = 0;
			knownRegions = (
				en,
				Base,
			);
			mainGroup = F5300D551CAD53AE00D39FE8;
			productRefGroup = F5300D5F1CAD53AE00D39FE8 /* Products */;
			projectDirPath = "";
			projectRoot = "";
			targets = (
				F5300D5D1CAD53AE00D39FE8 /* Rhapsody in Blue */,
			);
		};
/* End PBXProject section */

/* Begin PBXResourcesBuildPhase section */
		F5300D5C1CAD53AE00D39FE8 /* Resources */ = {
			isa = PBXResourcesBuildPhase;
			buildActionMask = 2147483647;
			files = (
				F5300D6C1CAD53AE00D39FE8 /* LaunchScreen.storyboard in Resources */,
				F5300D691CAD53AE00D39FE8 /* Assets.xcassets in Resources */,
				F5300D671CAD53AE00D39FE8 /* Main.storyboard in Resources */,
			);
			runOnlyForDeploymentPostprocessing = 0;
		};
/* End PBXResourcesBuildPhase section */

/* Begin PBXSourcesBuildPhase section */
		F5300D5A1CAD53AE00D39FE8 /* Sources */ = {
			isa = PBXSourcesBuildPhase;
			buildActionMask = 2147483647;
			files = (
				F5300D641CAD53AE00D39FE8 /* ViewController.swift in Sources */,
				F5300D621CAD53AE00D39FE8 /* AppDelegate.swift in Sources */,
			);
			runOnlyForDeploymentPostprocessing = 0;
		};
/* End PBXSourcesBuildPhase section */

/* Begin PBXVariantGroup section */
		F5300D651CAD53AE00D39FE8 /* Main.storyboard */ = {
			isa = PBXVariantGroup;
			children = (
				F5300D661CAD53AE00D39FE8 /* Base */,
			);
			name = Main.storyboard;
			sourceTree = "<group>";
		};
		F5300D6A1CAD53AE00D39FE8 /* LaunchScreen.storyboard */ = {
			isa = PBXVariantGroup;
			children = (
				F5300D6B1CAD53AE00D39FE8 /* Base */,
			);
			name = LaunchScreen.storyboard;
			sourceTree = "<group>";
		};
/* End PBXVariantGroup section */

/* Begin XCBuildConfiguration section */
		F5300D6E1CAD53AE00D39FE8 /* Debug */ = {
			isa = XCBuildConfiguration;
			buildSettings = {
				ALWAYS_SEARCH_USER_PATHS = NO;
				CLANG_ANALYZER_NONNULL = YES;
				CLANG_CXX_LANGUAGE_STANDARD = "gnu++0x";
				CLANG_CXX_LIBRARY = "libc++";
				CLANG_ENABLE_MODULES = YES;
				CLANG_ENABLE_OBJC_ARC = YES;
				CLANG_WARN_BOOL_CONVERSION = YES;
				CLANG_WARN_CONSTANT_CONVERSION = YES;
				CLANG_WARN_DIRECT_OBJC_ISA_USAGE = YES_ERROR;
				CLANG_WARN_EMPTY_BODY = YES;
				CLANG_WARN_ENUM_CONVERSION = YES;
				CLANG_WARN_INT_CONVERSION = YES;
				CLANG_WARN_OBJC_ROOT_CLASS = YES_ERROR;
				CLANG_WARN_UNREACHABLE_CODE = YES;
				CLANG_WARN__DUPLICATE_METHOD_MATCH = YES;
				"CODE_SIGN_IDENTITY[sdk=iphoneos*]" = "iPhone Developer";
				COPY_PHASE_STRIP = NO;
				DEBUG_INFORMATION_FORMAT = dwarf;
				ENABLE_STRICT_OBJC_MSGSEND = YES;
				ENABLE_TESTABILITY = YES;
				GCC_C_LANGUAGE_STANDARD = gnu99;
				GCC_DYNAMIC_NO_PIC = NO;
				GCC_NO_COMMON_BLOCKS = YES;
				GCC_OPTIMIZATION_LEVEL = 0;
				GCC_PREPROCESSOR_DEFINITIONS = (
					"DEBUG=1",
					"$(inherited)",
				);
				GCC_WARN_64_TO_32_BIT_CONVERSION = YES;
				GCC_WARN_ABOUT_RETURN_TYPE = YES_ERROR;
				GCC_WARN_UNDECLARED_SELECTOR = YES;
				GCC_WARN_UNINITIALIZED_AUTOS = YES_AGGRESSIVE;
				GCC_WARN_UNUSED_FUNCTION = YES;
				GCC_WARN_UNUSED_VARIABLE = YES;
				IPHONEOS_DEPLOYMENT_TARGET = 9.3;
				MTL_ENABLE_DEBUG_INFO = YES;
				ONLY_ACTIVE_ARCH = YES;
				SDKROOT = iphoneos;
				SWIFT_OPTIMIZATION_LEVEL = "-Onone";
			};
			name = Debug;
		};
		F5300D6F1CAD53AE00D39FE8 /* Release */ = {
			isa = XCBuildConfiguration;
			buildSettings = {
				ALWAYS_SEARCH_USER_PATHS = NO;
				CLANG_ANALYZER_NONNULL = YES;
				CLANG_CXX_LANGUAGE_STANDARD = "gnu++0x";
				CLANG_CXX_LIBRARY = "libc++";
				CLANG_ENABLE_MODULES = YES;
				CLANG_ENABLE_OBJC_ARC = YES;
				CLANG_WARN_BOOL_CONVERSION = YES;
				CLANG_WARN_CONSTANT_CONVERSION = YES;
				CLANG_WARN_DIRECT_OBJC_ISA_USAGE = YES_ERROR;
				CLANG_WARN_EMPTY_BODY = YES;
				CLANG_WARN_ENUM_CONVERSION = YES;
				CLANG_WARN_INT_CONVERSION = YES;
				CLANG_WARN_OBJC_ROOT_CLASS = YES_ERROR;
				CLANG_WARN_UNREACHABLE_CODE = YES;
				CLANG_WARN__DUPLICATE_METHOD_MATCH = YES;
				"CODE_SIGN_IDENTITY[sdk=iphoneos*]" = "iPhone Developer";
				COPY_PHASE_STRIP = NO;
				DEBUG_INFORMATION_FORMAT = "dwarf-with-dsym";
				ENABLE_NS_ASSERTIONS = NO;
				ENABLE_STRICT_OBJC_MSGSEND = YES;
				GCC_C_LANGUAGE_STANDARD = gnu99;
				GCC_NO_COMMON_BLOCKS = YES;
				GCC_WARN_64_TO_32_BIT_CONVERSION = YES;
				GCC_WARN_ABOUT_RETURN_TYPE = YES_ERROR;
				GCC_WARN_UNDECLARED_SELECTOR = YES;
				GCC_WARN_UNINITIALIZED_AUTOS = YES_AGGRESSIVE;
				GCC_WARN_UNUSED_FUNCTION = YES;
				GCC_WARN_UNUSED_VARIABLE = YES;
				IPHONEOS_DEPLOYMENT_TARGET = 9.3;
				MTL_ENABLE_DEBUG_INFO = NO;
				SDKROOT = iphoneos;
				VALIDATE_PRODUCT = YES;
			};
			name = Release;
		};
		F5300D711CAD53AE00D39FE8 /* Debug */ = {
			isa = XCBuildConfiguration;
			buildSettings = {
				ASSETCATALOG_COMPILER_APPICON_NAME = AppIcon;
				INFOPLIST_FILE = "Rhapsody in Blue/Info.plist";
				LD_RUNPATH_SEARCH_PATHS = "$(inherited) @executable_path/Frameworks";
				PRODUCT_BUNDLE_IDENTIFIER = "com.619fitness.Rhapsody-in-Blue";
				PRODUCT_NAME = "$(TARGET_NAME)";
			};
			name = Debug;
		};
		F5300D721CAD53AE00D39FE8 /* Release */ = {
			isa = XCBuildConfiguration;
			buildSettings = {
				ASSETCATALOG_COMPILER_APPICON_NAME = AppIcon;
				INFOPLIST_FILE = "Rhapsody in Blue/Info.plist";
				LD_RUNPATH_SEARCH_PATHS = "$(inherited) @executable_path/Frameworks";
				PRODUCT_BUNDLE_IDENTIFIER = "com.619fitness.Rhapsody-in-Blue";
				PRODUCT_NAME = "$(TARGET_NAME)";
			};
			name = Release;
		};
/* End XCBuildConfiguration section */

/* Begin XCConfigurationList section */
		F5300D591CAD53AE00D39FE8 /* Build configuration list for PBXProject "Rhapsody in Blue" */ = {
			isa = XCConfigurationList;
			buildConfigurations = (
				F5300D6E1CAD53AE00D39FE8 /* Debug */,
				F5300D6F1CAD53AE00D39FE8 /* Release */,
			);
			defaultConfigurationIsVisible = 0;
			defaultConfigurationName = Release;
		};
		F5300D701CAD53AE00D39FE8 /* Build configuration list for PBXNativeTarget "Rhapsody in Blue" */ = {
			isa = XCConfigurationList;
			buildConfigurations = (
				F5300D711CAD53AE00D39FE8 /* Debug */,
				F5300D721CAD53AE00D39FE8 /* Release */,
			);
			defaultConfigurationIsVisible = 0;
		};
/* End XCConfigurationList section */
	};
	rootObject = F5300D561CAD53AE00D39FE8 /* Project object */;
}
